// !$*UTF8*$!
{
	archiveVersion = 1;
	classes = {
	};
	objectVersion = 56;
	objects = {

/* Begin PBXBuildFile section */
		8E4F7A512AD1253400B195FD /* PortfoliooApp.swift in Sources */ = {isa = PBXBuildFile; fileRef = 8E4F7A502AD1253400B195FD /* PortfoliooApp.swift */; };
		8E4F7A532AD1253400B195FD /* ContentView.swift in Sources */ = {isa = PBXBuildFile; fileRef = 8E4F7A522AD1253400B195FD /* ContentView.swift */; };
		8E4F7A552AD1253600B195FD /* Assets.xcassets in Resources */ = {isa = PBXBuildFile; fileRef = 8E4F7A542AD1253600B195FD /* Assets.xcassets */; };
		8E4F7A582AD1253600B195FD /* Preview Assets.xcassets in Resources */ = {isa = PBXBuildFile; fileRef = 8E4F7A572AD1253600B195FD /* Preview Assets.xcassets */; };
		8E4F7A632AD125DC00B195FD /* Skill.swift in Sources */ = {isa = PBXBuildFile; fileRef = 8E4F7A622AD125DC00B195FD /* Skill.swift */; };
		8E4F7A652AD125F200B195FD /* Experience.swift in Sources */ = {isa = PBXBuildFile; fileRef = 8E4F7A642AD125F200B195FD /* Experience.swift */; };
		8E4F7A672AD1261A00B195FD /* portfolio.swift in Sources */ = {isa = PBXBuildFile; fileRef = 8E4F7A662AD1261A00B195FD /* portfolio.swift */; };
		8E4F7A692AD1264400B195FD /* Hearder.swift in Sources */ = {isa = PBXBuildFile; fileRef = 8E4F7A682AD1264400B195FD /* Hearder.swift */; };
		8E4F7A6C2AD1266D00B195FD /* appModel.swift in Sources */ = {isa = PBXBuildFile; fileRef = 8E4F7A6B2AD1266D00B195FD /* appModel.swift */; };
		8E4F7A6E2AD12E6200B195FD /* SkillView.swift in Sources */ = {isa = PBXBuildFile; fileRef = 8E4F7A6D2AD12E6200B195FD /* SkillView.swift */; };
		8E4F7A702AD1301900B195FD /* SkillsView.swift in Sources */ = {isa = PBXBuildFile; fileRef = 8E4F7A6F2AD1301900B195FD /* SkillsView.swift */; };
		8E4F7A722AD135CB00B195FD /* experienceView.swift in Sources */ = {isa = PBXBuildFile; fileRef = 8E4F7A712AD135CB00B195FD /* experienceView.swift */; };
		8E4F7A742AD139B600B195FD /* ExperiencesView.swift in Sources */ = {isa = PBXBuildFile; fileRef = 8E4F7A732AD139B600B195FD /* ExperiencesView.swift */; };
/* End PBXBuildFile section */

/* Begin PBXFileReference section */
		8E4F7A4D2AD1253400B195FD /* Portfolioo.app */ = {isa = PBXFileReference; explicitFileType = wrapper.application; includeInIndex = 0; path = Portfolioo.app; sourceTree = BUILT_PRODUCTS_DIR; };
		8E4F7A502AD1253400B195FD /* PortfoliooApp.swift */ = {isa = PBXFileReference; lastKnownFileType = sourcecode.swift; path = PortfoliooApp.swift; sourceTree = "<group>"; };
		8E4F7A522AD1253400B195FD /* ContentView.swift */ = {isa = PBXFileReference; lastKnownFileType = sourcecode.swift; path = ContentView.swift; sourceTree = "<group>"; };
		8E4F7A542AD1253600B195FD /* Assets.xcassets */ = {isa = PBXFileReference; lastKnownFileType = folder.assetcatalog; path = Assets.xcassets; sourceTree = "<group>"; };
		8E4F7A572AD1253600B195FD /* Preview Assets.xcassets */ = {isa = PBXFileReference; lastKnownFileType = folder.assetcatalog; path = "Preview Assets.xcassets"; sourceTree = "<group>"; };
		8E4F7A622AD125DC00B195FD /* Skill.swift */ = {isa = PBXFileReference; lastKnownFileType = sourcecode.swift; path = Skill.swift; sourceTree = "<group>"; };
		8E4F7A642AD125F200B195FD /* Experience.swift */ = {isa = PBXFileReference; lastKnownFileType = sourcecode.swift; path = Experience.swift; sourceTree = "<group>"; };
		8E4F7A662AD1261A00B195FD /* portfolio.swift */ = {isa = PBXFileReference; lastKnownFileType = sourcecode.swift; path = portfolio.swift; sourceTree = "<group>"; };
		8E4F7A682AD1264400B195FD /* Hearder.swift */ = {isa = PBXFileReference; lastKnownFileType = sourcecode.swift; path = Hearder.swift; sourceTree = "<group>"; };
		8E4F7A6B2AD1266D00B195FD /* appModel.swift */ = {isa = PBXFileReference; lastKnownFileType = sourcecode.swift; path = appModel.swift; sourceTree = "<group>"; };
		8E4F7A6D2AD12E6200B195FD /* SkillView.swift */ = {isa = PBXFileReference; lastKnownFileType = sourcecode.swift; path = SkillView.swift; sourceTree = "<group>"; };
		8E4F7A6F2AD1301900B195FD /* SkillsView.swift */ = {isa = PBXFileReference; lastKnownFileType = sourcecode.swift; path = SkillsView.swift; sourceTree = "<group>"; };
		8E4F7A712AD135CB00B195FD /* experienceView.swift */ = {isa = PBXFileReference; lastKnownFileType = sourcecode.swift; path = experienceView.swift; sourceTree = "<group>"; };
		8E4F7A732AD139B600B195FD /* ExperiencesView.swift */ = {isa = PBXFileReference; lastKnownFileType = sourcecode.swift; path = ExperiencesView.swift; sourceTree = "<group>"; };
/* End PBXFileReference section */

/* Begin PBXFrameworksBuildPhase section */
		8E4F7A4A2AD1253400B195FD /* Frameworks */ = {
			isa = PBXFrameworksBuildPhase;
			buildActionMask = 2147483647;
			files = (
			);
			runOnlyForDeploymentPostprocessing = 0;
		};
/* End PBXFrameworksBuildPhase section */

/* Begin PBXGroup section */
		8E4F7A442AD1253400B195FD = {
			isa = PBXGroup;
			children = (
				8E4F7A4F2AD1253400B195FD /* Portfolioo */,
				8E4F7A4E2AD1253400B195FD /* Products */,
			);
			sourceTree = "<group>";
		};
		8E4F7A4E2AD1253400B195FD /* Products */ = {
			isa = PBXGroup;
			children = (
				8E4F7A4D2AD1253400B195FD /* Portfolioo.app */,
			);
			name = Products;
			sourceTree = "<group>";
		};
		8E4F7A4F2AD1253400B195FD /* Portfolioo */ = {
			isa = PBXGroup;
			children = (
				8E4F7A602AD1258200B195FD /* View */,
				8E4F7A5F2AD1257900B195FD /* Models */,
				8E4F7A6A2AD1265700B195FD /* AppModel */,
				8E4F7A612AD1258E00B195FD /* Imagem */,
				8E4F7A562AD1253600B195FD /* Preview Content */,
			);
			path = Portfolioo;
			sourceTree = "<group>";
		};
		8E4F7A562AD1253600B195FD /* Preview Content */ = {
			isa = PBXGroup;
			children = (
				8E4F7A572AD1253600B195FD /* Preview Assets.xcassets */,
			);
			path = "Preview Content";
			sourceTree = "<group>";
		};
		8E4F7A5F2AD1257900B195FD /* Models */ = {
			isa = PBXGroup;
			children = (
				8E4F7A622AD125DC00B195FD /* Skill.swift */,
				8E4F7A642AD125F200B195FD /* Experience.swift */,
				8E4F7A662AD1261A00B195FD /* portfolio.swift */,
			);
			path = Models;
			sourceTree = "<group>";
		};
		8E4F7A602AD1258200B195FD /* View */ = {
			isa = PBXGroup;
			children = (
				8E4F7A522AD1253400B195FD /* ContentView.swift */,
				8E4F7A502AD1253400B195FD /* PortfoliooApp.swift */,
				8E4F7A682AD1264400B195FD /* Hearder.swift */,
				8E4F7A6D2AD12E6200B195FD /* SkillView.swift */,
				8E4F7A6F2AD1301900B195FD /* SkillsView.swift */,
				8E4F7A712AD135CB00B195FD /* experienceView.swift */,
				8E4F7A732AD139B600B195FD /* ExperiencesView.swift */,
			);
			path = View;
			sourceTree = "<group>";
		};
		8E4F7A612AD1258E00B195FD /* Imagem */ = {
			isa = PBXGroup;
			children = (
				8E4F7A542AD1253600B195FD /* Assets.xcassets */,
			);
			path = Imagem;
			sourceTree = "<group>";
		};
		8E4F7A6A2AD1265700B195FD /* AppModel */ = {
			isa = PBXGroup;
			children = (
				8E4F7A6B2AD1266D00B195FD /* appModel.swift */,
			);
			path = AppModel;
			sourceTree = "<group>";
		};
/* End PBXGroup section */

/* Begin PBXNativeTarget section */
		8E4F7A4C2AD1253400B195FD /* Portfolioo */ = {
			isa = PBXNativeTarget;
			buildConfigurationList = 8E4F7A5B2AD1253600B195FD /* Build configuration list for PBXNativeTarget "Portfolioo" */;
			buildPhases = (
				8E4F7A492AD1253400B195FD /* Sources */,
				8E4F7A4A2AD1253400B195FD /* Frameworks */,
				8E4F7A4B2AD1253400B195FD /* Resources */,
			);
			buildRules = (
			);
			dependencies = (
			);
			name = Portfolioo;
			productName = Portfolioo;
			productReference = 8E4F7A4D2AD1253400B195FD /* Portfolioo.app */;
			productType = "com.apple.product-type.application";
		};
/* End PBXNativeTarget section */

/* Begin PBXProject section */
		8E4F7A452AD1253400B195FD /* Project object */ = {
			isa = PBXProject;
			attributes = {
				BuildIndependentTargetsInParallel = 1;
				LastSwiftUpdateCheck = 1500;
				LastUpgradeCheck = 1500;
				TargetAttributes = {
					8E4F7A4C2AD1253400B195FD = {
						CreatedOnToolsVersion = 15.0;
					};
				};
			};
			buildConfigurationList = 8E4F7A482AD1253400B195FD /* Build configuration list for PBXProject "Portfolioo" */;
			compatibilityVersion = "Xcode 14.0";
			developmentRegion = en;
			hasScannedForEncodings = 0;
			knownRegions = (
				en,
				Base,
			);
			mainGroup = 8E4F7A442AD1253400B195FD;
			productRefGroup = 8E4F7A4E2AD1253400B195FD /* Products */;
			projectDirPath = "";
			projectRoot = "";
			targets = (
				8E4F7A4C2AD1253400B195FD /* Portfolioo */,
			);
		};
/* End PBXProject section */

/* Begin PBXResourcesBuildPhase section */
		8E4F7A4B2AD1253400B195FD /* Resources */ = {
			isa = PBXResourcesBuildPhase;
			buildActionMask = 2147483647;
			files = (
				8E4F7A582AD1253600B195FD /* Preview Assets.xcassets in Resources */,
				8E4F7A552AD1253600B195FD /* Assets.xcassets in Resources */,
			);
			runOnlyForDeploymentPostprocessing = 0;
		};
/* End PBXResourcesBuildPhase section */

/* Begin PBXSourcesBuildPhase section */
		8E4F7A492AD1253400B195FD /* Sources */ = {
			isa = PBXSourcesBuildPhase;
			buildActionMask = 2147483647;
			files = (
				8E4F7A632AD125DC00B195FD /* Skill.swift in Sources */,
				8E4F7A6C2AD1266D00B195FD /* appModel.swift in Sources */,
				8E4F7A742AD139B600B195FD /* ExperiencesView.swift in Sources */,
				8E4F7A532AD1253400B195FD /* ContentView.swift in Sources */,
				8E4F7A702AD1301900B195FD /* SkillsView.swift in Sources */,
				8E4F7A672AD1261A00B195FD /* portfolio.swift in Sources */,
				8E4F7A6E2AD12E6200B195FD /* SkillView.swift in Sources */,
				8E4F7A692AD1264400B195FD /* Hearder.swift in Sources */,
				8E4F7A512AD1253400B195FD /* PortfoliooApp.swift in Sources */,
				8E4F7A722AD135CB00B195FD /* experienceView.swift in Sources */,
				8E4F7A652AD125F200B195FD /* Experience.swift in Sources */,
			);
			runOnlyForDeploymentPostprocessing = 0;
		};
/* End PBXSourcesBuildPhase section */

/* Begin XCBuildConfiguration section */
		8E4F7A592AD1253600B195FD /* Debug */ = {
			isa = XCBuildConfiguration;
			buildSettings = {
				ALWAYS_SEARCH_USER_PATHS = NO;
				ASSETCATALOG_COMPILER_GENERATE_SWIFT_ASSET_SYMBOL_EXTENSIONS = YES;
				CLANG_ANALYZER_NONNULL = YES;
				CLANG_ANALYZER_NUMBER_OBJECT_CONVERSION = YES_AGGRESSIVE;
				CLANG_CXX_LANGUAGE_STANDARD = "gnu++20";
				CLANG_ENABLE_MODULES = YES;
				CLANG_ENABLE_OBJC_ARC = YES;
				CLANG_ENABLE_OBJC_WEAK = YES;
				CLANG_WARN_BLOCK_CAPTURE_AUTORELEASING = YES;
				CLANG_WARN_BOOL_CONVERSION = YES;
				CLANG_WARN_COMMA = YES;
				CLANG_WARN_CONSTANT_CONVERSION = YES;
				CLANG_WARN_DEPRECATED_OBJC_IMPLEMENTATIONS = YES;
				CLANG_WARN_DIRECT_OBJC_ISA_USAGE = YES_ERROR;
				CLANG_WARN_DOCUMENTATION_COMMENTS = YES;
				CLANG_WARN_EMPTY_BODY = YES;
				CLANG_WARN_ENUM_CONVERSION = YES;
				CLANG_WARN_INFINITE_RECURSION = YES;
				CLANG_WARN_INT_CONVERSION = YES;
				CLANG_WARN_NON_LITERAL_NULL_CONVERSION = YES;
				CLANG_WARN_OBJC_IMPLICIT_RETAIN_SELF = YES;
				CLANG_WARN_OBJC_LITERAL_CONVERSION = YES;
				CLANG_WARN_OBJC_ROOT_CLASS = YES_ERROR;
				CLANG_WARN_QUOTED_INCLUDE_IN_FRAMEWORK_HEADER = YES;
				CLANG_WARN_RANGE_LOOP_ANALYSIS = YES;
				CLANG_WARN_STRICT_PROTOTYPES = YES;
				CLANG_WARN_SUSPICIOUS_MOVE = YES;
				CLANG_WARN_UNGUARDED_AVAILABILITY = YES_AGGRESSIVE;
				CLANG_WARN_UNREACHABLE_CODE = YES;
				CLANG_WARN__DUPLICATE_METHOD_MATCH = YES;
				COPY_PHASE_STRIP = NO;
				DEBUG_INFORMATION_FORMAT = dwarf;
				ENABLE_STRICT_OBJC_MSGSEND = YES;
				ENABLE_TESTABILITY = YES;
				ENABLE_USER_SCRIPT_SANDBOXING = YES;
				GCC_C_LANGUAGE_STANDARD = gnu17;
				GCC_DYNAMIC_NO_PIC = NO;
				GCC_NO_COMMON_BLOCKS = YES;
				GCC_OPTIMIZATION_LEVEL = 0;
				GCC_PREPROCESSOR_DEFINITIONS = (
					"DEBUG=1",
					"$(inherited)",
				);
				GCC_WARN_64_TO_32_BIT_CONVERSION = YES;
				GCC_WARN_ABOUT_RETURN_TYPE = YES_ERROR;
				GCC_WARN_UNDECLARED_SELECTOR = YES;
				GCC_WARN_UNINITIALIZED_AUTOS = YES_AGGRESSIVE;
				GCC_WARN_UNUSED_FUNCTION = YES;
				GCC_WARN_UNUSED_VARIABLE = YES;
				IPHONEOS_DEPLOYMENT_TARGET = 17.0;
				LOCALIZATION_PREFERS_STRING_CATALOGS = YES;
				MTL_ENABLE_DEBUG_INFO = INCLUDE_SOURCE;
				MTL_FAST_MATH = YES;
				ONLY_ACTIVE_ARCH = YES;
				SDKROOT = iphoneos;
				SWIFT_ACTIVE_COMPILATION_CONDITIONS = "DEBUG $(inherited)";
				SWIFT_OPTIMIZATION_LEVEL = "-Onone";
			};
			name = Debug;
		};
		8E4F7A5A2AD1253600B195FD /* Release */ = {
			isa = XCBuildConfiguration;
			buildSettings = {
				ALWAYS_SEARCH_USER_PATHS = NO;
				ASSETCATALOG_COMPILER_GENERATE_SWIFT_ASSET_SYMBOL_EXTENSIONS = YES;
				CLANG_ANALYZER_NONNULL = YES;
				CLANG_ANALYZER_NUMBER_OBJECT_CONVERSION = YES_AGGRESSIVE;
				CLANG_CXX_LANGUAGE_STANDARD = "gnu++20";
				CLANG_ENABLE_MODULES = YES;
				CLANG_ENABLE_OBJC_ARC = YES;
				CLANG_ENABLE_OBJC_WEAK = YES;
				CLANG_WARN_BLOCK_CAPTURE_AUTORELEASING = YES;
				CLANG_WARN_BOOL_CONVERSION = YES;
				CLANG_WARN_COMMA = YES;
				CLANG_WARN_CONSTANT_CONVERSION = YES;
				CLANG_WARN_DEPRECATED_OBJC_IMPLEMENTATIONS = YES;
				CLANG_WARN_DIRECT_OBJC_ISA_USAGE = YES_ERROR;
				CLANG_WARN_DOCUMENTATION_COMMENTS = YES;
				CLANG_WARN_EMPTY_BODY = YES;
				CLANG_WARN_ENUM_CONVERSION = YES;
				CLANG_WARN_INFINITE_RECURSION = YES;
				CLANG_WARN_INT_CONVERSION = YES;
				CLANG_WARN_NON_LITERAL_NULL_CONVERSION = YES;
				CLANG_WARN_OBJC_IMPLICIT_RETAIN_SELF = YES;
				CLANG_WARN_OBJC_LITERAL_CONVERSION = YES;
				CLANG_WARN_OBJC_ROOT_CLASS = YES_ERROR;
				CLANG_WARN_QUOTED_INCLUDE_IN_FRAMEWORK_HEADER = YES;
				CLANG_WARN_RANGE_LOOP_ANALYSIS = YES;
				CLANG_WARN_STRICT_PROTOTYPES = YES;
				CLANG_WARN_SUSPICIOUS_MOVE = YES;
				CLANG_WARN_UNGUARDED_AVAILABILITY = YES_AGGRESSIVE;
				CLANG_WARN_UNREACHABLE_CODE = YES;
				CLANG_WARN__DUPLICATE_METHOD_MATCH = YES;
				COPY_PHASE_STRIP = NO;
				DEBUG_INFORMATION_FORMAT = "dwarf-with-dsym";
				ENABLE_NS_ASSERTIONS = NO;
				ENABLE_STRICT_OBJC_MSGSEND = YES;
				ENABLE_USER_SCRIPT_SANDBOXING = YES;
				GCC_C_LANGUAGE_STANDARD = gnu17;
				GCC_NO_COMMON_BLOCKS = YES;
				GCC_WARN_64_TO_32_BIT_CONVERSION = YES;
				GCC_WARN_ABOUT_RETURN_TYPE = YES_ERROR;
				GCC_WARN_UNDECLARED_SELECTOR = YES;
				GCC_WARN_UNINITIALIZED_AUTOS = YES_AGGRESSIVE;
				GCC_WARN_UNUSED_FUNCTION = YES;
				GCC_WARN_UNUSED_VARIABLE = YES;
				IPHONEOS_DEPLOYMENT_TARGET = 17.0;
				LOCALIZATION_PREFERS_STRING_CATALOGS = YES;
				MTL_ENABLE_DEBUG_INFO = NO;
				MTL_FAST_MATH = YES;
				SDKROOT = iphoneos;
				SWIFT_COMPILATION_MODE = wholemodule;
				VALIDATE_PRODUCT = YES;
			};
			name = Release;
		};
		8E4F7A5C2AD1253600B195FD /* Debug */ = {
			isa = XCBuildConfiguration;
			buildSettings = {
				ASSETCATALOG_COMPILER_APPICON_NAME = AppIcon;
				ASSETCATALOG_COMPILER_GLOBAL_ACCENT_COLOR_NAME = AccentColor;
				CODE_SIGN_STYLE = Automatic;
				CURRENT_PROJECT_VERSION = 1;
				DEVELOPMENT_ASSET_PATHS = "\"Portfolioo/Preview Content\"";
				DEVELOPMENT_TEAM = TJMSZ6N757;
				ENABLE_PREVIEWS = YES;
				GENERATE_INFOPLIST_FILE = YES;
				INFOPLIST_KEY_UIApplicationSceneManifest_Generation = YES;
				INFOPLIST_KEY_UIApplicationSupportsIndirectInputEvents = YES;
				INFOPLIST_KEY_UILaunchScreen_Generation = YES;
				INFOPLIST_KEY_UISupportedInterfaceOrientations_iPad = "UIInterfaceOrientationPortrait UIInterfaceOrientationPortraitUpsideDown UIInterfaceOrientationLandscapeLeft UIInterfaceOrientationLandscapeRight";
				INFOPLIST_KEY_UISupportedInterfaceOrientations_iPhone = "UIInterfaceOrientationPortrait UIInterfaceOrientationLandscapeLeft UIInterfaceOrientationLandscapeRight";
				LD_RUNPATH_SEARCH_PATHS = (
					"$(inherited)",
					"@executable_path/Frameworks",
				);
				MARKETING_VERSION = 1.0;
				PRODUCT_BUNDLE_IDENTIFIER = com.appbrewery.Portfolioo;
				PRODUCT_NAME = "$(TARGET_NAME)";
				SWIFT_EMIT_LOC_STRINGS = YES;
				SWIFT_VERSION = 5.0;
				TARGETED_DEVICE_FAMILY = "1,2";
			};
			name = Debug;
		};
		8E4F7A5D2AD1253600B195FD /* Release */ = {
			isa = XCBuildConfiguration;
			buildSettings = {
				ASSETCATALOG_COMPILER_APPICON_NAME = AppIcon;
				ASSETCATALOG_COMPILER_GLOBAL_ACCENT_COLOR_NAME = AccentColor;
				CODE_SIGN_STYLE = Automatic;
				CURRENT_PROJECT_VERSION = 1;
				DEVELOPMENT_ASSET_PATHS = "\"Portfolioo/Preview Content\"";
				DEVELOPMENT_TEAM = TJMSZ6N757;
				ENABLE_PREVIEWS = YES;
				GENERATE_INFOPLIST_FILE = YES;
				INFOPLIST_KEY_UIApplicationSceneManifest_Generation = YES;
				INFOPLIST_KEY_UIApplicationSupportsIndirectInputEvents = YES;
				INFOPLIST_KEY_UILaunchScreen_Generation = YES;
				INFOPLIST_KEY_UISupportedInterfaceOrientations_iPad = "UIInterfaceOrientationPortrait UIInterfaceOrientationPortraitUpsideDown UIInterfaceOrientationLandscapeLeft UIInterfaceOrientationLandscapeRight";
				INFOPLIST_KEY_UISupportedInterfaceOrientations_iPhone = "UIInterfaceOrientationPortrait UIInterfaceOrientationLandscapeLeft UIInterfaceOrientationLandscapeRight";
				LD_RUNPATH_SEARCH_PATHS = (
					"$(inherited)",
					"@executable_path/Frameworks",
				);
				MARKETING_VERSION = 1.0;
				PRODUCT_BUNDLE_IDENTIFIER = com.appbrewery.Portfolioo;
				PRODUCT_NAME = "$(TARGET_NAME)";
				SWIFT_EMIT_LOC_STRINGS = YES;
				SWIFT_VERSION = 5.0;
				TARGETED_DEVICE_FAMILY = "1,2";
			};
			name = Release;
		};
/* End XCBuildConfiguration section */

/* Begin XCConfigurationList section */
		8E4F7A482AD1253400B195FD /* Build configuration list for PBXProject "Portfolioo" */ = {
			isa = XCConfigurationList;
			buildConfigurations = (
				8E4F7A592AD1253600B195FD /* Debug */,
				8E4F7A5A2AD1253600B195FD /* Release */,
			);
			defaultConfigurationIsVisible = 0;
			defaultConfigurationName = Release;
		};
		8E4F7A5B2AD1253600B195FD /* Build configuration list for PBXNativeTarget "Portfolioo" */ = {
			isa = XCConfigurationList;
			buildConfigurations = (
				8E4F7A5C2AD1253600B195FD /* Debug */,
				8E4F7A5D2AD1253600B195FD /* Release */,
			);
			defaultConfigurationIsVisible = 0;
			defaultConfigurationName = Release;
		};
/* End XCConfigurationList section */
	};
	rootObject = 8E4F7A452AD1253400B195FD /* Project object */;
}
